
Microsoft Visual Studio Solution File, Format Version 12.00
# Visual Studio Version 16
VisualStudioVersion = 16.0.31727.386
MinimumVisualStudioVersion = 10.0.40219.1
Project("{FAE04EC0-301F-11D3-BF4B-00C04F79EFBC}") = "HomeworkModule4", "HomeworkModule4\HomeworkModule4.csproj", "{101931BE-B247-44AE-B029-743D73A53154}"
EndProject
Global
	GlobalSection(SolutionConfigurationPlatforms) = preSolution
		Debug|Any CPU = Debug|Any CPU
		Release|Any CPU = Release|Any CPU
	EndGlobalSection
	GlobalSection(ProjectConfigurationPlatforms) = postSolution
		{101931BE-B247-44AE-B029-743D73A53154}.Debug|Any CPU.ActiveCfg = Debug|Any CPU
		{101931BE-B247-44AE-B029-743D73A53154}.Debug|Any CPU.Build.0 = Debug|Any CPU
		{101931BE-B247-44AE-B029-743D73A53154}.Release|Any CPU.ActiveCfg = Release|Any CPU
		{101931BE-B247-44AE-B029-743D73A53154}.Release|Any CPU.Build.0 = Release|Any CPU
	EndGlobalSection
	GlobalSection(SolutionProperties) = preSolution
		HideSolutionNode = FALSE
	EndGlobalSection
	GlobalSection(ExtensibilityGlobals) = postSolution
		SolutionGuid = {C705219A-3C39-4401-A21E-F4A2AEC8305C}
	EndGlobalSection
EndGlobal
